{
  "requires": true,
  "lockfileVersion": 1,
  "dependencies": {
    "angular-in-memory-web-api": {
      "version": "0.6.1",
      "resolved": "https://registry.npmjs.org/angular-in-memory-web-api/-/angular-in-memory-web-api-0.6.1.tgz",
      "integrity": "sha512-6Fls8XE3UC8NoydpcC82hY3KSRU4dXbGFjs3w+XLReL+Ry8zLeBHb/CZ9F+Kbg1yBH+eKamzd0vLr0+df+yC5g=="
    }
  }
}
